
Microsoft Visual Studio Solution File, Format Version 12.00
# Visual Studio Version 16
VisualStudioVersion = 16.0.30611.23
MinimumVisualStudioVersion = 10.0.40219.1
Project("{FAE04EC0-301F-11D3-BF4B-00C04F79EFBC}") = "Galaxies and Planets", "Galaxies and Planets.csproj", "{021A68A6-4BDC-431F-8A00-479BD2842839}"
EndProject
Global
	GlobalSection(SolutionConfigurationPlatforms) = preSolution
		Debug|Any CPU = Debug|Any CPU
		Release|Any CPU = Release|Any CPU
	EndGlobalSection
	GlobalSection(ProjectConfigurationPlatforms) = postSolution
		{021A68A6-4BDC-431F-8A00-479BD2842839}.Debug|Any CPU.ActiveCfg = Debug|Any CPU
		{021A68A6-4BDC-431F-8A00-479BD2842839}.Debug|Any CPU.Build.0 = Debug|Any CPU
		{021A68A6-4BDC-431F-8A00-479BD2842839}.Release|Any CPU.ActiveCfg = Release|Any CPU
		{021A68A6-4BDC-431F-8A00-479BD2842839}.Release|Any CPU.Build.0 = Release|Any CPU
	EndGlobalSection
	GlobalSection(SolutionProperties) = preSolution
		HideSolutionNode = FALSE
	EndGlobalSection
	GlobalSection(ExtensibilityGlobals) = postSolution
		SolutionGuid = {E4C80EBC-68D9-4E8C-A65F-91633A8F8471}
	EndGlobalSection
EndGlobal
